
Microsoft Visual Studio Solution File, Format Version 12.00
# Visual Studio Version 16
VisualStudioVersion = 16.0.30225.117
MinimumVisualStudioVersion = 10.0.40219.1
Project("{FAE04EC0-301F-11D3-BF4B-00C04F79EFBC}") = "Medium812", "Medium812.csproj", "{9BEA54EF-2AF2-4652-8C59-4A08AB8EAC67}"
EndProject
Global
	GlobalSection(SolutionConfigurationPlatforms) = preSolution
		Debug|Any CPU = Debug|Any CPU
		Release|Any CPU = Release|Any CPU
	EndGlobalSection
	GlobalSection(ProjectConfigurationPlatforms) = postSolution
		{9BEA54EF-2AF2-4652-8C59-4A08AB8EAC67}.Debug|Any CPU.ActiveCfg = Debug|Any CPU
		{9BEA54EF-2AF2-4652-8C59-4A08AB8EAC67}.Debug|Any CPU.Build.0 = Debug|Any CPU
		{9BEA54EF-2AF2-4652-8C59-4A08AB8EAC67}.Release|Any CPU.ActiveCfg = Release|Any CPU
		{9BEA54EF-2AF2-4652-8C59-4A08AB8EAC67}.Release|Any CPU.Build.0 = Release|Any CPU
	EndGlobalSection
	GlobalSection(SolutionProperties) = preSolution
		HideSolutionNode = FALSE
	EndGlobalSection
	GlobalSection(ExtensibilityGlobals) = postSolution
		SolutionGuid = {AAF7CAEC-B67F-46B2-842A-DB41660FE03C}
	EndGlobalSection
EndGlobal
